
Microsoft Visual Studio Solution File, Format Version 12.00
# Visual Studio Version 17
VisualStudioVersion = 17.4.33213.308
MinimumVisualStudioVersion = 10.0.40219.1
Project("{FAE04EC0-301F-11D3-BF4B-00C04F79EFBC}") = "interviewWebPage", "interviewWebPage\interviewWebPage.csproj", "{70B59AC5-51DD-4C59-884D-74F50B8CF22A}"
EndProject
Global
	GlobalSection(SolutionConfigurationPlatforms) = preSolution
		Debug|Any CPU = Debug|Any CPU
		Release|Any CPU = Release|Any CPU
	EndGlobalSection
	GlobalSection(ProjectConfigurationPlatforms) = postSolution
		{70B59AC5-51DD-4C59-884D-74F50B8CF22A}.Debug|Any CPU.ActiveCfg = Debug|Any CPU
		{70B59AC5-51DD-4C59-884D-74F50B8CF22A}.Debug|Any CPU.Build.0 = Debug|Any CPU
		{70B59AC5-51DD-4C59-884D-74F50B8CF22A}.Release|Any CPU.ActiveCfg = Release|Any CPU
		{70B59AC5-51DD-4C59-884D-74F50B8CF22A}.Release|Any CPU.Build.0 = Release|Any CPU
	EndGlobalSection
	GlobalSection(SolutionProperties) = preSolution
		HideSolutionNode = FALSE
	EndGlobalSection
	GlobalSection(ExtensibilityGlobals) = postSolution
		SolutionGuid = {A694D1A6-294B-4C8A-8FD7-1BBEDA3ECB96}
	EndGlobalSection
EndGlobal
